
Microsoft Visual Studio Solution File, Format Version 12.00
# Visual Studio Version 17
VisualStudioVersion = 17.14.36414.22 d17.14
MinimumVisualStudioVersion = 10.0.40219.1
Project("{FAE04EC0-301F-11D3-BF4B-00C04F79EFBC}") = "BTHT3Bai_05", "BTHT3Bai_05\BTHT3Bai_05.csproj", "{A3FEFDBF-94E4-45F5-809D-5AF11CEA6EA5}"
EndProject
Global
	GlobalSection(SolutionConfigurationPlatforms) = preSolution
		Debug|Any CPU = Debug|Any CPU
		Release|Any CPU = Release|Any CPU
	EndGlobalSection
	GlobalSection(ProjectConfigurationPlatforms) = postSolution
		{A3FEFDBF-94E4-45F5-809D-5AF11CEA6EA5}.Debug|Any CPU.ActiveCfg = Debug|Any CPU
		{A3FEFDBF-94E4-45F5-809D-5AF11CEA6EA5}.Debug|Any CPU.Build.0 = Debug|Any CPU
		{A3FEFDBF-94E4-45F5-809D-5AF11CEA6EA5}.Release|Any CPU.ActiveCfg = Release|Any CPU
		{A3FEFDBF-94E4-45F5-809D-5AF11CEA6EA5}.Release|Any CPU.Build.0 = Release|Any CPU
	EndGlobalSection
	GlobalSection(SolutionProperties) = preSolution
		HideSolutionNode = FALSE
	EndGlobalSection
	GlobalSection(ExtensibilityGlobals) = postSolution
		SolutionGuid = {8790BE55-6F18-4024-BE94-D986F163FE01}
	EndGlobalSection
EndGlobal
